// !$*UTF8*$!
{
	archiveVersion = 1;
	classes = {
	};
	objectVersion = 46;
	objects = {

/* Begin PBXBuildFile section */
		275E7D611EAAC11A00A98D49 /* Backgroud.png in Resources */ = {isa = PBXBuildFile; fileRef = 275E7D5E1EAAC11A00A98D49 /* Backgroud.png */; };
		275E7D621EAAC11A00A98D49 /* ContinueButton.png in Resources */ = {isa = PBXBuildFile; fileRef = 275E7D5F1EAAC11A00A98D49 /* ContinueButton.png */; };
		275E7D631EAAC11A00A98D49 /* SliderOval.png in Resources */ = {isa = PBXBuildFile; fileRef = 275E7D601EAAC11A00A98D49 /* SliderOval.png */; };
		275E7D681EAAC65600A98D49 /* CustomSlider.m in Sources */ = {isa = PBXBuildFile; fileRef = 275E7D671EAAC65600A98D49 /* CustomSlider.m */; };
		630A86441EAA823B0082233B /* main.m in Sources */ = {isa = PBXBuildFile; fileRef = 630A86431EAA823B0082233B /* main.m */; };
		630A86471EAA823B0082233B /* AppDelegate.m in Sources */ = {isa = PBXBuildFile; fileRef = 630A86461EAA823B0082233B /* AppDelegate.m */; };
		630A864D1EAA823B0082233B /* Main.storyboard in Resources */ = {isa = PBXBuildFile; fileRef = 630A864B1EAA823B0082233B /* Main.storyboard */; };
		630A864F1EAA823B0082233B /* Assets.xcassets in Resources */ = {isa = PBXBuildFile; fileRef = 630A864E1EAA823B0082233B /* Assets.xcassets */; };
		630A86521EAA823B0082233B /* LaunchScreen.storyboard in Resources */ = {isa = PBXBuildFile; fileRef = 630A86501EAA823B0082233B /* LaunchScreen.storyboard */; };
		630A865E1EAAACE50082233B /* NewTargetViewController.m in Sources */ = {isa = PBXBuildFile; fileRef = 630A865D1EAAACE50082233B /* NewTargetViewController.m */; };
		630A86621EAAB9B70082233B /* CalculationsService.m in Sources */ = {isa = PBXBuildFile; fileRef = 630A86611EAAB9B70082233B /* CalculationsService.m */; };
/* End PBXBuildFile section */

/* Begin PBXFileReference section */
		275E7D5E1EAAC11A00A98D49 /* Backgroud.png */ = {isa = PBXFileReference; lastKnownFileType = image.png; path = Backgroud.png; sourceTree = "<group>"; };
		275E7D5F1EAAC11A00A98D49 /* ContinueButton.png */ = {isa = PBXFileReference; lastKnownFileType = image.png; path = ContinueButton.png; sourceTree = "<group>"; };
		275E7D601EAAC11A00A98D49 /* SliderOval.png */ = {isa = PBXFileReference; lastKnownFileType = image.png; path = SliderOval.png; sourceTree = "<group>"; };
		275E7D661EAAC65600A98D49 /* CustomSlider.h */ = {isa = PBXFileReference; fileEncoding = 4; lastKnownFileType = sourcecode.c.h; path = CustomSlider.h; sourceTree = "<group>"; };
		275E7D671EAAC65600A98D49 /* CustomSlider.m */ = {isa = PBXFileReference; fileEncoding = 4; lastKnownFileType = sourcecode.c.objc; path = CustomSlider.m; sourceTree = "<group>"; };
		630A863F1EAA823B0082233B /* IQOptionHack.app */ = {isa = PBXFileReference; explicitFileType = wrapper.application; includeInIndex = 0; path = IQOptionHack.app; sourceTree = BUILT_PRODUCTS_DIR; };
		630A86431EAA823B0082233B /* main.m */ = {isa = PBXFileReference; lastKnownFileType = sourcecode.c.objc; path = main.m; sourceTree = "<group>"; };
		630A86451EAA823B0082233B /* AppDelegate.h */ = {isa = PBXFileReference; lastKnownFileType = sourcecode.c.h; path = AppDelegate.h; sourceTree = "<group>"; };
		630A86461EAA823B0082233B /* AppDelegate.m */ = {isa = PBXFileReference; lastKnownFileType = sourcecode.c.objc; path = AppDelegate.m; sourceTree = "<group>"; };
		630A864C1EAA823B0082233B /* Base */ = {isa = PBXFileReference; lastKnownFileType = file.storyboard; name = Base; path = Base.lproj/Main.storyboard; sourceTree = "<group>"; };
		630A864E1EAA823B0082233B /* Assets.xcassets */ = {isa = PBXFileReference; lastKnownFileType = folder.assetcatalog; path = Assets.xcassets; sourceTree = "<group>"; };
		630A86511EAA823B0082233B /* Base */ = {isa = PBXFileReference; lastKnownFileType = file.storyboard; name = Base; path = Base.lproj/LaunchScreen.storyboard; sourceTree = "<group>"; };
		630A86531EAA823B0082233B /* Info.plist */ = {isa = PBXFileReference; lastKnownFileType = text.plist.xml; path = Info.plist; sourceTree = "<group>"; };
		630A865C1EAAACE50082233B /* NewTargetViewController.h */ = {isa = PBXFileReference; fileEncoding = 4; lastKnownFileType = sourcecode.c.h; path = NewTargetViewController.h; sourceTree = "<group>"; };
		630A865D1EAAACE50082233B /* NewTargetViewController.m */ = {isa = PBXFileReference; fileEncoding = 4; lastKnownFileType = sourcecode.c.objc; path = NewTargetViewController.m; sourceTree = "<group>"; };
		630A86601EAAB9B70082233B /* CalculationsService.h */ = {isa = PBXFileReference; fileEncoding = 4; lastKnownFileType = sourcecode.c.h; path = CalculationsService.h; sourceTree = "<group>"; };
		630A86611EAAB9B70082233B /* CalculationsService.m */ = {isa = PBXFileReference; fileEncoding = 4; lastKnownFileType = sourcecode.c.objc; path = CalculationsService.m; sourceTree = "<group>"; };
		630A86641EAAB9E90082233B /* NewTargetInput.h */ = {isa = PBXFileReference; fileEncoding = 4; lastKnownFileType = sourcecode.c.h; path = NewTargetInput.h; sourceTree = "<group>"; };
		630A86651EAAB9F80082233B /* NewTargetOutput.h */ = {isa = PBXFileReference; fileEncoding = 4; lastKnownFileType = sourcecode.c.h; path = NewTargetOutput.h; sourceTree = "<group>"; };
/* End PBXFileReference section */

/* Begin PBXFrameworksBuildPhase section */
		630A863C1EAA823B0082233B /* Frameworks */ = {
			isa = PBXFrameworksBuildPhase;
			buildActionMask = 2147483647;
			files = (
			);
			runOnlyForDeploymentPostprocessing = 0;
		};
/* End PBXFrameworksBuildPhase section */

/* Begin PBXGroup section */
		275E7D5D1EAAC10500A98D49 /* Images */ = {
			isa = PBXGroup;
			children = (
				275E7D5E1EAAC11A00A98D49 /* Backgroud.png */,
				275E7D5F1EAAC11A00A98D49 /* ContinueButton.png */,
				275E7D601EAAC11A00A98D49 /* SliderOval.png */,
			);
			name = Images;
			sourceTree = "<group>";
		};
		275E7D641EAAC61500A98D49 /* CustomUI */ = {
			isa = PBXGroup;
			children = (
				275E7D661EAAC65600A98D49 /* CustomSlider.h */,
				275E7D671EAAC65600A98D49 /* CustomSlider.m */,
			);
			name = CustomUI;
			sourceTree = "<group>";
		};
		630A86361EAA823B0082233B = {
			isa = PBXGroup;
			children = (
				630A86411EAA823B0082233B /* IQOptionHack */,
				630A86401EAA823B0082233B /* Products */,
			);
			sourceTree = "<group>";
		};
		630A86401EAA823B0082233B /* Products */ = {
			isa = PBXGroup;
			children = (
				630A863F1EAA823B0082233B /* IQOptionHack.app */,
			);
			name = Products;
			sourceTree = "<group>";
		};
		630A86411EAA823B0082233B /* IQOptionHack */ = {
			isa = PBXGroup;
			children = (
				275E7D641EAAC61500A98D49 /* CustomUI */,
				275E7D5D1EAAC10500A98D49 /* Images */,
				630A86451EAA823B0082233B /* AppDelegate.h */,
				630A86461EAA823B0082233B /* AppDelegate.m */,
				630A865F1EAAB9930082233B /* Service */,
				630A865A1EAA95EA0082233B /* UserStories */,
				630A864B1EAA823B0082233B /* Main.storyboard */,
				630A864E1EAA823B0082233B /* Assets.xcassets */,
				630A86501EAA823B0082233B /* LaunchScreen.storyboard */,
				630A86531EAA823B0082233B /* Info.plist */,
				630A86421EAA823B0082233B /* Supporting Files */,
			);
			path = IQOptionHack;
			sourceTree = "<group>";
		};
		630A86421EAA823B0082233B /* Supporting Files */ = {
			isa = PBXGroup;
			children = (
				630A86431EAA823B0082233B /* main.m */,
			);
			name = "Supporting Files";
			sourceTree = "<group>";
		};
		630A865A1EAA95EA0082233B /* UserStories */ = {
			isa = PBXGroup;
			children = (
				630A865B1EAA95F90082233B /* NewTarget */,
			);
			name = UserStories;
			sourceTree = "<group>";
		};
		630A865B1EAA95F90082233B /* NewTarget */ = {
			isa = PBXGroup;
			children = (
				630A86631EAAB9C10082233B /* Protocols */,
				630A865C1EAAACE50082233B /* NewTargetViewController.h */,
				630A865D1EAAACE50082233B /* NewTargetViewController.m */,
			);
			name = NewTarget;
			sourceTree = "<group>";
		};
		630A865F1EAAB9930082233B /* Service */ = {
			isa = PBXGroup;
			children = (
				630A86601EAAB9B70082233B /* CalculationsService.h */,
				630A86611EAAB9B70082233B /* CalculationsService.m */,
			);
			name = Service;
			sourceTree = "<group>";
		};
		630A86631EAAB9C10082233B /* Protocols */ = {
			isa = PBXGroup;
			children = (
				630A86641EAAB9E90082233B /* NewTargetInput.h */,
				630A86651EAAB9F80082233B /* NewTargetOutput.h */,
			);
			name = Protocols;
			sourceTree = "<group>";
		};
/* End PBXGroup section */

/* Begin PBXNativeTarget section */
		630A863E1EAA823B0082233B /* IQOptionHack */ = {
			isa = PBXNativeTarget;
			buildConfigurationList = 630A86561EAA823B0082233B /* Build configuration list for PBXNativeTarget "IQOptionHack" */;
			buildPhases = (
				630A863B1EAA823B0082233B /* Sources */,
				630A863C1EAA823B0082233B /* Frameworks */,
				630A863D1EAA823B0082233B /* Resources */,
			);
			buildRules = (
			);
			dependencies = (
			);
			name = IQOptionHack;
			productName = IQOptionHack;
			productReference = 630A863F1EAA823B0082233B /* IQOptionHack.app */;
			productType = "com.apple.product-type.application";
		};
/* End PBXNativeTarget section */

/* Begin PBXProject section */
		630A86371EAA823B0082233B /* Project object */ = {
			isa = PBXProject;
			attributes = {
				LastUpgradeCheck = 0820;
				ORGANIZATIONNAME = "Anvar Basharov";
				TargetAttributes = {
					630A863E1EAA823B0082233B = {
						CreatedOnToolsVersion = 8.2.1;
						ProvisioningStyle = Automatic;
					};
				};
			};
			buildConfigurationList = 630A863A1EAA823B0082233B /* Build configuration list for PBXProject "IQOptionHack" */;
			compatibilityVersion = "Xcode 3.2";
			developmentRegion = English;
			hasScannedForEncodings = 0;
			knownRegions = (
				en,
				Base,
			);
			mainGroup = 630A86361EAA823B0082233B;
			productRefGroup = 630A86401EAA823B0082233B /* Products */;
			projectDirPath = "";
			projectRoot = "";
			targets = (
				630A863E1EAA823B0082233B /* IQOptionHack */,
			);
		};
/* End PBXProject section */

/* Begin PBXResourcesBuildPhase section */
		630A863D1EAA823B0082233B /* Resources */ = {
			isa = PBXResourcesBuildPhase;
			buildActionMask = 2147483647;
			files = (
				275E7D631EAAC11A00A98D49 /* SliderOval.png in Resources */,
				630A86521EAA823B0082233B /* LaunchScreen.storyboard in Resources */,
				630A864F1EAA823B0082233B /* Assets.xcassets in Resources */,
				275E7D621EAAC11A00A98D49 /* ContinueButton.png in Resources */,
				275E7D611EAAC11A00A98D49 /* Backgroud.png in Resources */,
				630A864D1EAA823B0082233B /* Main.storyboard in Resources */,
			);
			runOnlyForDeploymentPostprocessing = 0;
		};
/* End PBXResourcesBuildPhase section */

/* Begin PBXSourcesBuildPhase section */
		630A863B1EAA823B0082233B /* Sources */ = {
			isa = PBXSourcesBuildPhase;
			buildActionMask = 2147483647;
			files = (
				630A86471EAA823B0082233B /* AppDelegate.m in Sources */,
				630A86441EAA823B0082233B /* main.m in Sources */,
				630A865E1EAAACE50082233B /* NewTargetViewController.m in Sources */,
				630A86621EAAB9B70082233B /* CalculationsService.m in Sources */,
				275E7D681EAAC65600A98D49 /* CustomSlider.m in Sources */,
			);
			runOnlyForDeploymentPostprocessing = 0;
		};
/* End PBXSourcesBuildPhase section */

/* Begin PBXVariantGroup section */
		630A864B1EAA823B0082233B /* Main.storyboard */ = {
			isa = PBXVariantGroup;
			children = (
				630A864C1EAA823B0082233B /* Base */,
			);
			name = Main.storyboard;
			sourceTree = "<group>";
		};
		630A86501EAA823B0082233B /* LaunchScreen.storyboard */ = {
			isa = PBXVariantGroup;
			children = (
				630A86511EAA823B0082233B /* Base */,
			);
			name = LaunchScreen.storyboard;
			sourceTree = "<group>";
		};
/* End PBXVariantGroup section */

/* Begin XCBuildConfiguration section */
		630A86541EAA823B0082233B /* Debug */ = {
			isa = XCBuildConfiguration;
			buildSettings = {
				ALWAYS_SEARCH_USER_PATHS = NO;
				CLANG_ANALYZER_NONNULL = YES;
				CLANG_CXX_LANGUAGE_STANDARD = "gnu++0x";
				CLANG_CXX_LIBRARY = "libc++";
				CLANG_ENABLE_MODULES = YES;
				CLANG_ENABLE_OBJC_ARC = YES;
				CLANG_WARN_BOOL_CONVERSION = YES;
				CLANG_WARN_CONSTANT_CONVERSION = YES;
				CLANG_WARN_DIRECT_OBJC_ISA_USAGE = YES_ERROR;
				CLANG_WARN_DOCUMENTATION_COMMENTS = YES;
				CLANG_WARN_EMPTY_BODY = YES;
				CLANG_WARN_ENUM_CONVERSION = YES;
				CLANG_WARN_INFINITE_RECURSION = YES;
				CLANG_WARN_INT_CONVERSION = YES;
				CLANG_WARN_OBJC_ROOT_CLASS = YES_ERROR;
				CLANG_WARN_SUSPICIOUS_MOVE = YES;
				CLANG_WARN_UNREACHABLE_CODE = YES;
				CLANG_WARN__DUPLICATE_METHOD_MATCH = YES;
				"CODE_SIGN_IDENTITY[sdk=iphoneos*]" = "iPhone Developer";
				COPY_PHASE_STRIP = NO;
				DEBUG_INFORMATION_FORMAT = dwarf;
				ENABLE_STRICT_OBJC_MSGSEND = YES;
				ENABLE_TESTABILITY = YES;
				GCC_C_LANGUAGE_STANDARD = gnu99;
				GCC_DYNAMIC_NO_PIC = NO;
				GCC_NO_COMMON_BLOCKS = YES;
				GCC_OPTIMIZATION_LEVEL = 0;
				GCC_PREPROCESSOR_DEFINITIONS = (
					"DEBUG=1",
					"$(inherited)",
				);
				GCC_WARN_64_TO_32_BIT_CONVERSION = YES;
				GCC_WARN_ABOUT_RETURN_TYPE = YES_ERROR;
				GCC_WARN_UNDECLARED_SELECTOR = YES;
				GCC_WARN_UNINITIALIZED_AUTOS = YES_AGGRESSIVE;
				GCC_WARN_UNUSED_FUNCTION = YES;
				GCC_WARN_UNUSED_VARIABLE = YES;
				IPHONEOS_DEPLOYMENT_TARGET = 10.0;
				MTL_ENABLE_DEBUG_INFO = YES;
				ONLY_ACTIVE_ARCH = YES;
				SDKROOT = iphoneos;
			};
			name = Debug;
		};
		630A86551EAA823B0082233B /* Release */ = {
			isa = XCBuildConfiguration;
			buildSettings = {
				ALWAYS_SEARCH_USER_PATHS = NO;
				CLANG_ANALYZER_NONNULL = YES;
				CLANG_CXX_LANGUAGE_STANDARD = "gnu++0x";
				CLANG_CXX_LIBRARY = "libc++";
				CLANG_ENABLE_MODULES = YES;
				CLANG_ENABLE_OBJC_ARC = YES;
				CLANG_WARN_BOOL_CONVERSION = YES;
				CLANG_WARN_CONSTANT_CONVERSION = YES;
				CLANG_WARN_DIRECT_OBJC_ISA_USAGE = YES_ERROR;
				CLANG_WARN_DOCUMENTATION_COMMENTS = YES;
				CLANG_WARN_EMPTY_BODY = YES;
				CLANG_WARN_ENUM_CONVERSION = YES;
				CLANG_WARN_INFINITE_RECURSION = YES;
				CLANG_WARN_INT_CONVERSION = YES;
				CLANG_WARN_OBJC_ROOT_CLASS = YES_ERROR;
				CLANG_WARN_SUSPICIOUS_MOVE = YES;
				CLANG_WARN_UNREACHABLE_CODE = YES;
				CLANG_WARN__DUPLICATE_METHOD_MATCH = YES;
				"CODE_SIGN_IDENTITY[sdk=iphoneos*]" = "iPhone Developer";
				COPY_PHASE_STRIP = NO;
				DEBUG_INFORMATION_FORMAT = "dwarf-with-dsym";
				ENABLE_NS_ASSERTIONS = NO;
				ENABLE_STRICT_OBJC_MSGSEND = YES;
				GCC_C_LANGUAGE_STANDARD = gnu99;
				GCC_NO_COMMON_BLOCKS = YES;
				GCC_WARN_64_TO_32_BIT_CONVERSION = YES;
				GCC_WARN_ABOUT_RETURN_TYPE = YES_ERROR;
				GCC_WARN_UNDECLARED_SELECTOR = YES;
				GCC_WARN_UNINITIALIZED_AUTOS = YES_AGGRESSIVE;
				GCC_WARN_UNUSED_FUNCTION = YES;
				GCC_WARN_UNUSED_VARIABLE = YES;
				IPHONEOS_DEPLOYMENT_TARGET = 10.0;
				MTL_ENABLE_DEBUG_INFO = NO;
				SDKROOT = iphoneos;
				VALIDATE_PRODUCT = YES;
			};
			name = Release;
		};
		630A86571EAA823B0082233B /* Debug */ = {
			isa = XCBuildConfiguration;
			buildSettings = {
				ASSETCATALOG_COMPILER_APPICON_NAME = AppIcon;
				INFOPLIST_FILE = IQOptionHack/Info.plist;
				LD_RUNPATH_SEARCH_PATHS = "$(inherited) @executable_path/Frameworks";
				PRODUCT_BUNDLE_IDENTIFIER = AB.IQOptionHack;
				PRODUCT_NAME = "$(TARGET_NAME)";
			};
			name = Debug;
		};
		630A86581EAA823B0082233B /* Release */ = {
			isa = XCBuildConfiguration;
			buildSettings = {
				ASSETCATALOG_COMPILER_APPICON_NAME = AppIcon;
				INFOPLIST_FILE = IQOptionHack/Info.plist;
				LD_RUNPATH_SEARCH_PATHS = "$(inherited) @executable_path/Frameworks";
				PRODUCT_BUNDLE_IDENTIFIER = AB.IQOptionHack;
				PRODUCT_NAME = "$(TARGET_NAME)";
			};
			name = Release;
		};
/* End XCBuildConfiguration section */

/* Begin XCConfigurationList section */
		630A863A1EAA823B0082233B /* Build configuration list for PBXProject "IQOptionHack" */ = {
			isa = XCConfigurationList;
			buildConfigurations = (
				630A86541EAA823B0082233B /* Debug */,
				630A86551EAA823B0082233B /* Release */,
			);
			defaultConfigurationIsVisible = 0;
			defaultConfigurationName = Release;
		};
		630A86561EAA823B0082233B /* Build configuration list for PBXNativeTarget "IQOptionHack" */ = {
			isa = XCConfigurationList;
			buildConfigurations = (
				630A86571EAA823B0082233B /* Debug */,
				630A86581EAA823B0082233B /* Release */,
			);
			defaultConfigurationIsVisible = 0;
			defaultConfigurationName = Release;
		};
/* End XCConfigurationList section */
	};
	rootObject = 630A86371EAA823B0082233B /* Project object */;
}
